
Microsoft Visual Studio Solution File, Format Version 12.00
# Visual Studio Version 16
VisualStudioVersion = 16.0.29613.14
MinimumVisualStudioVersion = 10.0.40219.1
Project("{9A19103F-16F7-4668-BE54-9A1E7A4F7556}") = "OneSTools.LogCfg", "OneSTools.LogCfg\OneSTools.LogCfg.csproj", "{235D57C0-224B-4E5B-BB87-430D53DA4679}"
EndProject
Project("{9A19103F-16F7-4668-BE54-9A1E7A4F7556}") = "OneSTools.LogCfgConsoleApp", "OneSTools.LogCfgConsoleApp\OneSTools.LogCfgConsoleApp.csproj", "{C8649EA8-04CD-41E4-9529-E6D571E52DEC}"
	ProjectSection(ProjectDependencies) = postProject
		{235D57C0-224B-4E5B-BB87-430D53DA4679} = {235D57C0-224B-4E5B-BB87-430D53DA4679}
	EndProjectSection
EndProject
Global
	GlobalSection(SolutionConfigurationPlatforms) = preSolution
		Debug|Any CPU = Debug|Any CPU
		Release|Any CPU = Release|Any CPU
	EndGlobalSection
	GlobalSection(ProjectConfigurationPlatforms) = postSolution
		{235D57C0-224B-4E5B-BB87-430D53DA4679}.Debug|Any CPU.ActiveCfg = Debug|Any CPU
		{235D57C0-224B-4E5B-BB87-430D53DA4679}.Debug|Any CPU.Build.0 = Debug|Any CPU
		{235D57C0-224B-4E5B-BB87-430D53DA4679}.Release|Any CPU.ActiveCfg = Release|Any CPU
		{235D57C0-224B-4E5B-BB87-430D53DA4679}.Release|Any CPU.Build.0 = Release|Any CPU
		{C8649EA8-04CD-41E4-9529-E6D571E52DEC}.Debug|Any CPU.ActiveCfg = Debug|Any CPU
		{C8649EA8-04CD-41E4-9529-E6D571E52DEC}.Debug|Any CPU.Build.0 = Debug|Any CPU
		{C8649EA8-04CD-41E4-9529-E6D571E52DEC}.Release|Any CPU.ActiveCfg = Release|Any CPU
		{C8649EA8-04CD-41E4-9529-E6D571E52DEC}.Release|Any CPU.Build.0 = Release|Any CPU
	EndGlobalSection
	GlobalSection(SolutionProperties) = preSolution
		HideSolutionNode = FALSE
	EndGlobalSection
	GlobalSection(ExtensibilityGlobals) = postSolution
		SolutionGuid = {79C0D7FB-2126-44AA-92DA-5CB0F732BAAB}
	EndGlobalSection
EndGlobal
